
Microsoft Visual Studio Solution File, Format Version 12.00
# Visual Studio Version 16
VisualStudioVersion = 16.0.31105.61
MinimumVisualStudioVersion = 10.0.40219.1
Project("{FAE04EC0-301F-11D3-BF4B-00C04F79EFBC}") = "Bram - grocery store", "Bram - grocery store\Bram - grocery store.csproj", "{81ADC95E-C078-4BF3-BDBA-338034487C0B}"
EndProject
Global
	GlobalSection(SolutionConfigurationPlatforms) = preSolution
		Debug|Any CPU = Debug|Any CPU
		Release|Any CPU = Release|Any CPU
	EndGlobalSection
	GlobalSection(ProjectConfigurationPlatforms) = postSolution
		{81ADC95E-C078-4BF3-BDBA-338034487C0B}.Debug|Any CPU.ActiveCfg = Debug|Any CPU
		{81ADC95E-C078-4BF3-BDBA-338034487C0B}.Debug|Any CPU.Build.0 = Debug|Any CPU
		{81ADC95E-C078-4BF3-BDBA-338034487C0B}.Release|Any CPU.ActiveCfg = Release|Any CPU
		{81ADC95E-C078-4BF3-BDBA-338034487C0B}.Release|Any CPU.Build.0 = Release|Any CPU
	EndGlobalSection
	GlobalSection(SolutionProperties) = preSolution
		HideSolutionNode = FALSE
	EndGlobalSection
	GlobalSection(ExtensibilityGlobals) = postSolution
		SolutionGuid = {2350F9EA-3EE5-454E-A4E8-52D3C36A5D55}
	EndGlobalSection
EndGlobal
